
Microsoft Visual Studio Solution File, Format Version 12.00
# Visual Studio Version 17
VisualStudioVersion = 17.4.33213.308
MinimumVisualStudioVersion = 10.0.40219.1
Project("{9A19103F-16F7-4668-BE54-9A1E7A4F7556}") = "SpefyTests", "SpefyTests\SpefyTests.csproj", "{1194B545-4A3C-4A5B-84E8-D44DA0896AD7}"
EndProject
Project("{9A19103F-16F7-4668-BE54-9A1E7A4F7556}") = "Spefy.Core", "Spefy.Core\Spefy.Core.csproj", "{AB32F5A7-940A-4A2F-9385-9992A4281B68}"
EndProject
Project("{9A19103F-16F7-4668-BE54-9A1E7A4F7556}") = "Spefy.Contract", "Spefy.Abstractions\Spefy.Contract.csproj", "{A76E3A00-676E-4D32-84C7-67CA86F51CB1}"
EndProject
Project("{FAE04EC0-301F-11D3-BF4B-00C04F79EFBC}") = "Spefy.App", "Spefy.App\Spefy.App.csproj", "{ADF2D2EA-A043-4570-9009-1F072420AF4E}"
	ProjectSection(ProjectDependencies) = postProject
		{AB32F5A7-940A-4A2F-9385-9992A4281B68} = {AB32F5A7-940A-4A2F-9385-9992A4281B68}
	EndProjectSection
EndProject
Global
	GlobalSection(SolutionConfigurationPlatforms) = preSolution
		Debug|Any CPU = Debug|Any CPU
		Release|Any CPU = Release|Any CPU
	EndGlobalSection
	GlobalSection(ProjectConfigurationPlatforms) = postSolution
		{1194B545-4A3C-4A5B-84E8-D44DA0896AD7}.Debug|Any CPU.ActiveCfg = Debug|Any CPU
		{1194B545-4A3C-4A5B-84E8-D44DA0896AD7}.Debug|Any CPU.Build.0 = Debug|Any CPU
		{1194B545-4A3C-4A5B-84E8-D44DA0896AD7}.Release|Any CPU.ActiveCfg = Release|Any CPU
		{1194B545-4A3C-4A5B-84E8-D44DA0896AD7}.Release|Any CPU.Build.0 = Release|Any CPU
		{AB32F5A7-940A-4A2F-9385-9992A4281B68}.Debug|Any CPU.ActiveCfg = Debug|Any CPU
		{AB32F5A7-940A-4A2F-9385-9992A4281B68}.Debug|Any CPU.Build.0 = Debug|Any CPU
		{AB32F5A7-940A-4A2F-9385-9992A4281B68}.Release|Any CPU.ActiveCfg = Release|Any CPU
		{AB32F5A7-940A-4A2F-9385-9992A4281B68}.Release|Any CPU.Build.0 = Release|Any CPU
		{A76E3A00-676E-4D32-84C7-67CA86F51CB1}.Debug|Any CPU.ActiveCfg = Debug|Any CPU
		{A76E3A00-676E-4D32-84C7-67CA86F51CB1}.Debug|Any CPU.Build.0 = Debug|Any CPU
		{A76E3A00-676E-4D32-84C7-67CA86F51CB1}.Release|Any CPU.ActiveCfg = Release|Any CPU
		{A76E3A00-676E-4D32-84C7-67CA86F51CB1}.Release|Any CPU.Build.0 = Release|Any CPU
		{ADF2D2EA-A043-4570-9009-1F072420AF4E}.Debug|Any CPU.ActiveCfg = Debug|Any CPU
		{ADF2D2EA-A043-4570-9009-1F072420AF4E}.Debug|Any CPU.Build.0 = Debug|Any CPU
		{ADF2D2EA-A043-4570-9009-1F072420AF4E}.Release|Any CPU.ActiveCfg = Release|Any CPU
		{ADF2D2EA-A043-4570-9009-1F072420AF4E}.Release|Any CPU.Build.0 = Release|Any CPU
	EndGlobalSection
	GlobalSection(SolutionProperties) = preSolution
		HideSolutionNode = FALSE
	EndGlobalSection
	GlobalSection(ExtensibilityGlobals) = postSolution
		SolutionGuid = {C3E24A47-2B17-4EC3-8634-D6DF20750AAF}
	EndGlobalSection
EndGlobal
